
Microsoft Visual Studio Solution File, Format Version 12.00
# Visual Studio Version 16
VisualStudioVersion = 16.0.33423.256
MinimumVisualStudioVersion = 10.0.40219.1
Project("{FAE04EC0-301F-11D3-BF4B-00C04F79EFBC}") = "Task_2", "Task_2\Task_2.csproj", "{3C3805EF-6C50-4B70-B38F-6D5F99DB38E9}"
EndProject
Global
	GlobalSection(SolutionConfigurationPlatforms) = preSolution
		Debug|Any CPU = Debug|Any CPU
		Release|Any CPU = Release|Any CPU
	EndGlobalSection
	GlobalSection(ProjectConfigurationPlatforms) = postSolution
		{3C3805EF-6C50-4B70-B38F-6D5F99DB38E9}.Debug|Any CPU.ActiveCfg = Debug|Any CPU
		{3C3805EF-6C50-4B70-B38F-6D5F99DB38E9}.Debug|Any CPU.Build.0 = Debug|Any CPU
		{3C3805EF-6C50-4B70-B38F-6D5F99DB38E9}.Release|Any CPU.ActiveCfg = Release|Any CPU
		{3C3805EF-6C50-4B70-B38F-6D5F99DB38E9}.Release|Any CPU.Build.0 = Release|Any CPU
	EndGlobalSection
	GlobalSection(SolutionProperties) = preSolution
		HideSolutionNode = FALSE
	EndGlobalSection
	GlobalSection(ExtensibilityGlobals) = postSolution
		SolutionGuid = {08DB6228-36DA-47EB-99FA-1D1447AB310B}
	EndGlobalSection
EndGlobal
