
Microsoft Visual Studio Solution File, Format Version 12.00
# Visual Studio Version 16
VisualStudioVersion = 16.0.33423.256
MinimumVisualStudioVersion = 10.0.40219.1
Project("{FAE04EC0-301F-11D3-BF4B-00C04F79EFBC}") = "Login menu", "Login menu.csproj", "{93FEC78B-A514-45FE-8267-DD0DEFB7ED6C}"
EndProject
Global
	GlobalSection(SolutionConfigurationPlatforms) = preSolution
		Debug|Any CPU = Debug|Any CPU
		Release|Any CPU = Release|Any CPU
	EndGlobalSection
	GlobalSection(ProjectConfigurationPlatforms) = postSolution
		{93FEC78B-A514-45FE-8267-DD0DEFB7ED6C}.Debug|Any CPU.ActiveCfg = Debug|Any CPU
		{93FEC78B-A514-45FE-8267-DD0DEFB7ED6C}.Debug|Any CPU.Build.0 = Debug|Any CPU
		{93FEC78B-A514-45FE-8267-DD0DEFB7ED6C}.Release|Any CPU.ActiveCfg = Release|Any CPU
		{93FEC78B-A514-45FE-8267-DD0DEFB7ED6C}.Release|Any CPU.Build.0 = Release|Any CPU
	EndGlobalSection
	GlobalSection(SolutionProperties) = preSolution
		HideSolutionNode = FALSE
	EndGlobalSection
	GlobalSection(ExtensibilityGlobals) = postSolution
		SolutionGuid = {EBBEA1A9-B13D-4DC9-9F44-6F4B02B4C183}
	EndGlobalSection
EndGlobal
