
Microsoft Visual Studio Solution File, Format Version 12.00
# Visual Studio Version 16
VisualStudioVersion = 16.0.33423.256
MinimumVisualStudioVersion = 10.0.40219.1
Project("{FAE04EC0-301F-11D3-BF4B-00C04F79EFBC}") = "Task 1", "Task 1.csproj", "{7C4A5176-99B7-4D13-B6E0-2D3F1CDB160F}"
EndProject
Global
	GlobalSection(SolutionConfigurationPlatforms) = preSolution
		Debug|Any CPU = Debug|Any CPU
		Release|Any CPU = Release|Any CPU
	EndGlobalSection
	GlobalSection(ProjectConfigurationPlatforms) = postSolution
		{7C4A5176-99B7-4D13-B6E0-2D3F1CDB160F}.Debug|Any CPU.ActiveCfg = Debug|Any CPU
		{7C4A5176-99B7-4D13-B6E0-2D3F1CDB160F}.Debug|Any CPU.Build.0 = Debug|Any CPU
		{7C4A5176-99B7-4D13-B6E0-2D3F1CDB160F}.Release|Any CPU.ActiveCfg = Release|Any CPU
		{7C4A5176-99B7-4D13-B6E0-2D3F1CDB160F}.Release|Any CPU.Build.0 = Release|Any CPU
	EndGlobalSection
	GlobalSection(SolutionProperties) = preSolution
		HideSolutionNode = FALSE
	EndGlobalSection
	GlobalSection(ExtensibilityGlobals) = postSolution
		SolutionGuid = {4A1AAB68-ED35-438E-BE74-C3559FD52FCE}
	EndGlobalSection
EndGlobal
