
Microsoft Visual Studio Solution File, Format Version 12.00
# Visual Studio Version 16
VisualStudioVersion = 16.0.33423.256
MinimumVisualStudioVersion = 10.0.40219.1
Project("{FAE04EC0-301F-11D3-BF4B-00C04F79EFBC}") = "Application", "Application.csproj", "{1ACC6F5B-ACEA-4AE9-995C-3E99F74ADABC}"
EndProject
Global
	GlobalSection(SolutionConfigurationPlatforms) = preSolution
		Debug|Any CPU = Debug|Any CPU
		Release|Any CPU = Release|Any CPU
	EndGlobalSection
	GlobalSection(ProjectConfigurationPlatforms) = postSolution
		{1ACC6F5B-ACEA-4AE9-995C-3E99F74ADABC}.Debug|Any CPU.ActiveCfg = Debug|Any CPU
		{1ACC6F5B-ACEA-4AE9-995C-3E99F74ADABC}.Debug|Any CPU.Build.0 = Debug|Any CPU
		{1ACC6F5B-ACEA-4AE9-995C-3E99F74ADABC}.Release|Any CPU.ActiveCfg = Release|Any CPU
		{1ACC6F5B-ACEA-4AE9-995C-3E99F74ADABC}.Release|Any CPU.Build.0 = Release|Any CPU
	EndGlobalSection
	GlobalSection(SolutionProperties) = preSolution
		HideSolutionNode = FALSE
	EndGlobalSection
	GlobalSection(ExtensibilityGlobals) = postSolution
		SolutionGuid = {DF8ACF64-A400-4560-892A-E645D28D9781}
	EndGlobalSection
EndGlobal
